
Microsoft Visual Studio Solution File, Format Version 11.00
# Visual C++ Express 2010
Project("{8BC9CEB8-8B4A-11D0-8D11-00A0C91BC942}") = "Calc", "Calc\Calc.vcxproj", "{01FC3214-B7E4-4290-AA01-8D9C257B6B51}"
EndProject
Global
	GlobalSection(SolutionConfigurationPlatforms) = preSolution
		Debug|Win32 = Debug|Win32
		Release|Win32 = Release|Win32
	EndGlobalSection
	GlobalSection(ProjectConfigurationPlatforms) = postSolution
		{01FC3214-B7E4-4290-AA01-8D9C257B6B51}.Debug|Win32.ActiveCfg = Debug|Win32
		{01FC3214-B7E4-4290-AA01-8D9C257B6B51}.Debug|Win32.Build.0 = Debug|Win32
		{01FC3214-B7E4-4290-AA01-8D9C257B6B51}.Release|Win32.ActiveCfg = Release|Win32
		{01FC3214-B7E4-4290-AA01-8D9C257B6B51}.Release|Win32.Build.0 = Release|Win32
	EndGlobalSection
	GlobalSection(SolutionProperties) = preSolution
		HideSolutionNode = FALSE
	EndGlobalSection
EndGlobal
